
Microsoft Visual Studio Solution File, Format Version 12.00
# Visual Studio Version 17
VisualStudioVersion = 17.9.34728.123
MinimumVisualStudioVersion = 10.0.40219.1
Project("{FAE04EC0-301F-11D3-BF4B-00C04F79EFBC}") = "Vehicle_Service_Tracker", "Vehicle_Service_Tracker.csproj", "{A0BD61EE-BE93-4EC7-BA11-5859C1C831FE}"
EndProject
Global
	GlobalSection(SolutionConfigurationPlatforms) = preSolution
		Debug|Any CPU = Debug|Any CPU
		Release|Any CPU = Release|Any CPU
	EndGlobalSection
	GlobalSection(ProjectConfigurationPlatforms) = postSolution
		{A0BD61EE-BE93-4EC7-BA11-5859C1C831FE}.Debug|Any CPU.ActiveCfg = Debug|Any CPU
		{A0BD61EE-BE93-4EC7-BA11-5859C1C831FE}.Debug|Any CPU.Build.0 = Debug|Any CPU
		{A0BD61EE-BE93-4EC7-BA11-5859C1C831FE}.Release|Any CPU.ActiveCfg = Release|Any CPU
		{A0BD61EE-BE93-4EC7-BA11-5859C1C831FE}.Release|Any CPU.Build.0 = Release|Any CPU
	EndGlobalSection
	GlobalSection(SolutionProperties) = preSolution
		HideSolutionNode = FALSE
	EndGlobalSection
	GlobalSection(ExtensibilityGlobals) = postSolution
		SolutionGuid = {E9628FC8-5702-42EB-946E-BC1F6CF0099C}
	EndGlobalSection
EndGlobal
